// !$*UTF8*$!
{
	archiveVersion = 1;
	classes = {
	};
	objectVersion = 51;
	objects = {

/* Begin PBXBuildFile section */
		958BE12A248323DE0036D83C /* CalendarViewController.swift in Sources */ = {isa = PBXBuildFile; fileRef = 958BE129248323DE0036D83C /* CalendarViewController.swift */; };
		95974AA7248235DD00D520B0 /* Constants.swift in Sources */ = {isa = PBXBuildFile; fileRef = 95974AA5248235DD00D520B0 /* Constants.swift */; };
		95974AA8248235DD00D520B0 /* Utilities.swift in Sources */ = {isa = PBXBuildFile; fileRef = 95974AA6248235DD00D520B0 /* Utilities.swift */; };
		95A5AC152481F86700860CC1 /* AppDelegate.swift in Sources */ = {isa = PBXBuildFile; fileRef = 95A5AC142481F86700860CC1 /* AppDelegate.swift */; };
		95A5AC172481F86700860CC1 /* SceneDelegate.swift in Sources */ = {isa = PBXBuildFile; fileRef = 95A5AC162481F86700860CC1 /* SceneDelegate.swift */; };
		95A5AC192481F86700860CC1 /* ViewController.swift in Sources */ = {isa = PBXBuildFile; fileRef = 95A5AC182481F86700860CC1 /* ViewController.swift */; };
		95A5AC1C2481F86700860CC1 /* Main.storyboard in Resources */ = {isa = PBXBuildFile; fileRef = 95A5AC1A2481F86700860CC1 /* Main.storyboard */; };
		95A5AC1E2481F86B00860CC1 /* Assets.xcassets in Resources */ = {isa = PBXBuildFile; fileRef = 95A5AC1D2481F86B00860CC1 /* Assets.xcassets */; };
		95A5AC212481F86B00860CC1 /* LaunchScreen.storyboard in Resources */ = {isa = PBXBuildFile; fileRef = 95A5AC1F2481F86B00860CC1 /* LaunchScreen.storyboard */; };
		95A5AC292481FC0400860CC1 /* LoginViewController.swift in Sources */ = {isa = PBXBuildFile; fileRef = 95A5AC282481FC0400860CC1 /* LoginViewController.swift */; };
		95A5AC2B2481FC1500860CC1 /* SignUpViewController.swift in Sources */ = {isa = PBXBuildFile; fileRef = 95A5AC2A2481FC1500860CC1 /* SignUpViewController.swift */; };
		95A5AC2D2481FC2000860CC1 /* HomeViewController.swift in Sources */ = {isa = PBXBuildFile; fileRef = 95A5AC2C2481FC2000860CC1 /* HomeViewController.swift */; };
		95E625DF24823AB200EF07C3 /* GoogleService-Info.plist in Resources */ = {isa = PBXBuildFile; fileRef = 95E625DE24823AB200EF07C3 /* GoogleService-Info.plist */; };
		ED497D7461B3DA1FA0D5B30B /* Pods_PooRecorder.framework in Frameworks */ = {isa = PBXBuildFile; fileRef = B8B57475BEDE51E9F54850F6 /* Pods_PooRecorder.framework */; };
/* End PBXBuildFile section */

/* Begin PBXFileReference section */
		16A6421AB2425BD70C6D35D7 /* Pods-PooRecorder.release.xcconfig */ = {isa = PBXFileReference; includeInIndex = 1; lastKnownFileType = text.xcconfig; name = "Pods-PooRecorder.release.xcconfig"; path = "Target Support Files/Pods-PooRecorder/Pods-PooRecorder.release.xcconfig"; sourceTree = "<group>"; };
		958BE129248323DE0036D83C /* CalendarViewController.swift */ = {isa = PBXFileReference; lastKnownFileType = sourcecode.swift; path = CalendarViewController.swift; sourceTree = "<group>"; };
		95974AA5248235DD00D520B0 /* Constants.swift */ = {isa = PBXFileReference; fileEncoding = 4; lastKnownFileType = sourcecode.swift; path = Constants.swift; sourceTree = "<group>"; };
		95974AA6248235DD00D520B0 /* Utilities.swift */ = {isa = PBXFileReference; fileEncoding = 4; lastKnownFileType = sourcecode.swift; path = Utilities.swift; sourceTree = "<group>"; };
		95A5AC112481F86700860CC1 /* PooRecorder.app */ = {isa = PBXFileReference; explicitFileType = wrapper.application; includeInIndex = 0; path = PooRecorder.app; sourceTree = BUILT_PRODUCTS_DIR; };
		95A5AC142481F86700860CC1 /* AppDelegate.swift */ = {isa = PBXFileReference; lastKnownFileType = sourcecode.swift; path = AppDelegate.swift; sourceTree = "<group>"; };
		95A5AC162481F86700860CC1 /* SceneDelegate.swift */ = {isa = PBXFileReference; lastKnownFileType = sourcecode.swift; path = SceneDelegate.swift; sourceTree = "<group>"; };
		95A5AC182481F86700860CC1 /* ViewController.swift */ = {isa = PBXFileReference; lastKnownFileType = sourcecode.swift; path = ViewController.swift; sourceTree = "<group>"; };
		95A5AC1B2481F86700860CC1 /* Base */ = {isa = PBXFileReference; lastKnownFileType = file.storyboard; name = Base; path = Base.lproj/Main.storyboard; sourceTree = "<group>"; };
		95A5AC1D2481F86B00860CC1 /* Assets.xcassets */ = {isa = PBXFileReference; lastKnownFileType = folder.assetcatalog; path = Assets.xcassets; sourceTree = "<group>"; };
		95A5AC202481F86B00860CC1 /* Base */ = {isa = PBXFileReference; lastKnownFileType = file.storyboard; name = Base; path = Base.lproj/LaunchScreen.storyboard; sourceTree = "<group>"; };
		95A5AC222481F86B00860CC1 /* Info.plist */ = {isa = PBXFileReference; lastKnownFileType = text.plist.xml; path = Info.plist; sourceTree = "<group>"; };
		95A5AC282481FC0400860CC1 /* LoginViewController.swift */ = {isa = PBXFileReference; lastKnownFileType = sourcecode.swift; path = LoginViewController.swift; sourceTree = "<group>"; };
		95A5AC2A2481FC1500860CC1 /* SignUpViewController.swift */ = {isa = PBXFileReference; lastKnownFileType = sourcecode.swift; path = SignUpViewController.swift; sourceTree = "<group>"; };
		95A5AC2C2481FC2000860CC1 /* HomeViewController.swift */ = {isa = PBXFileReference; lastKnownFileType = sourcecode.swift; path = HomeViewController.swift; sourceTree = "<group>"; };
		95E625DE24823AB200EF07C3 /* GoogleService-Info.plist */ = {isa = PBXFileReference; fileEncoding = 4; lastKnownFileType = text.plist.xml; path = "GoogleService-Info.plist"; sourceTree = "<group>"; };
		A7D672298863CA82A2888192 /* Pods-PooRecorder.debug.xcconfig */ = {isa = PBXFileReference; includeInIndex = 1; lastKnownFileType = text.xcconfig; name = "Pods-PooRecorder.debug.xcconfig"; path = "Target Support Files/Pods-PooRecorder/Pods-PooRecorder.debug.xcconfig"; sourceTree = "<group>"; };
		B8B57475BEDE51E9F54850F6 /* Pods_PooRecorder.framework */ = {isa = PBXFileReference; explicitFileType = wrapper.framework; includeInIndex = 0; path = Pods_PooRecorder.framework; sourceTree = BUILT_PRODUCTS_DIR; };
/* End PBXFileReference section */

/* Begin PBXFrameworksBuildPhase section */
		95A5AC0E2481F86700860CC1 /* Frameworks */ = {
			isa = PBXFrameworksBuildPhase;
			buildActionMask = 2147483647;
			files = (
				ED497D7461B3DA1FA0D5B30B /* Pods_PooRecorder.framework in Frameworks */,
			);
			runOnlyForDeploymentPostprocessing = 0;
		};
/* End PBXFrameworksBuildPhase section */

/* Begin PBXGroup section */
		23E7A44DF0646CA8BB35E746 /* Pods */ = {
			isa = PBXGroup;
			children = (
				A7D672298863CA82A2888192 /* Pods-PooRecorder.debug.xcconfig */,
				16A6421AB2425BD70C6D35D7 /* Pods-PooRecorder.release.xcconfig */,
			);
			path = Pods;
			sourceTree = "<group>";
		};
		8AFA095D93E98A7F757647CF /* Frameworks */ = {
			isa = PBXGroup;
			children = (
				B8B57475BEDE51E9F54850F6 /* Pods_PooRecorder.framework */,
			);
			name = Frameworks;
			sourceTree = "<group>";
		};
		95974AA4248235DD00D520B0 /* Helpers */ = {
			isa = PBXGroup;
			children = (
				95974AA5248235DD00D520B0 /* Constants.swift */,
				95974AA6248235DD00D520B0 /* Utilities.swift */,
			);
			path = Helpers;
			sourceTree = "<group>";
		};
		95A5AC082481F86700860CC1 = {
			isa = PBXGroup;
			children = (
				95A5AC132481F86700860CC1 /* PooRecorder */,
				95A5AC122481F86700860CC1 /* Products */,
				23E7A44DF0646CA8BB35E746 /* Pods */,
				8AFA095D93E98A7F757647CF /* Frameworks */,
			);
			sourceTree = "<group>";
		};
		95A5AC122481F86700860CC1 /* Products */ = {
			isa = PBXGroup;
			children = (
				95A5AC112481F86700860CC1 /* PooRecorder.app */,
			);
			name = Products;
			sourceTree = "<group>";
		};
		95A5AC132481F86700860CC1 /* PooRecorder */ = {
			isa = PBXGroup;
			children = (
				95A5AC142481F86700860CC1 /* AppDelegate.swift */,
				95A5AC162481F86700860CC1 /* SceneDelegate.swift */,
				95A5AC2E2481FC4300860CC1 /* VC */,
				95A5AC1A2481F86700860CC1 /* Main.storyboard */,
				95974AA4248235DD00D520B0 /* Helpers */,
				95A5AC1D2481F86B00860CC1 /* Assets.xcassets */,
				95A5AC1F2481F86B00860CC1 /* LaunchScreen.storyboard */,
				95E625DE24823AB200EF07C3 /* GoogleService-Info.plist */,
				95A5AC222481F86B00860CC1 /* Info.plist */,
			);
			path = PooRecorder;
			sourceTree = "<group>";
		};
		95A5AC2E2481FC4300860CC1 /* VC */ = {
			isa = PBXGroup;
			children = (
				95A5AC182481F86700860CC1 /* ViewController.swift */,
				95A5AC282481FC0400860CC1 /* LoginViewController.swift */,
				95A5AC2A2481FC1500860CC1 /* SignUpViewController.swift */,
				95A5AC2C2481FC2000860CC1 /* HomeViewController.swift */,
				958BE129248323DE0036D83C /* CalendarViewController.swift */,
			);
			path = VC;
			sourceTree = "<group>";
		};
/* End PBXGroup section */

/* Begin PBXNativeTarget section */
		95A5AC102481F86700860CC1 /* PooRecorder */ = {
			isa = PBXNativeTarget;
			buildConfigurationList = 95A5AC252481F86B00860CC1 /* Build configuration list for PBXNativeTarget "PooRecorder" */;
			buildPhases = (
				2B9AD4FD3372320F1D9BCD85 /* [CP] Check Pods Manifest.lock */,
				95A5AC0D2481F86700860CC1 /* Sources */,
				95A5AC0E2481F86700860CC1 /* Frameworks */,
				95A5AC0F2481F86700860CC1 /* Resources */,
				CCB3FF6512F427DA95BFD5EC /* [CP] Embed Pods Frameworks */,
			);
			buildRules = (
			);
			dependencies = (
			);
			name = PooRecorder;
			productName = PooRecorder;
			productReference = 95A5AC112481F86700860CC1 /* PooRecorder.app */;
			productType = "com.apple.product-type.application";
		};
/* End PBXNativeTarget section */

/* Begin PBXProject section */
		95A5AC092481F86700860CC1 /* Project object */ = {
			isa = PBXProject;
			attributes = {
				LastSwiftUpdateCheck = 1140;
				LastUpgradeCheck = 1140;
				ORGANIZATIONNAME = "Yuki Shinohara";
				TargetAttributes = {
					95A5AC102481F86700860CC1 = {
						CreatedOnToolsVersion = 11.4;
					};
				};
			};
			buildConfigurationList = 95A5AC0C2481F86700860CC1 /* Build configuration list for PBXProject "PooRecorder" */;
			compatibilityVersion = "Xcode 9.3";
			developmentRegion = en;
			hasScannedForEncodings = 0;
			knownRegions = (
				en,
				Base,
			);
			mainGroup = 95A5AC082481F86700860CC1;
			productRefGroup = 95A5AC122481F86700860CC1 /* Products */;
			projectDirPath = "";
			projectRoot = "";
			targets = (
				95A5AC102481F86700860CC1 /* PooRecorder */,
			);
		};
/* End PBXProject section */

/* Begin PBXResourcesBuildPhase section */
		95A5AC0F2481F86700860CC1 /* Resources */ = {
			isa = PBXResourcesBuildPhase;
			buildActionMask = 2147483647;
			files = (
				95A5AC212481F86B00860CC1 /* LaunchScreen.storyboard in Resources */,
				95E625DF24823AB200EF07C3 /* GoogleService-Info.plist in Resources */,
				95A5AC1E2481F86B00860CC1 /* Assets.xcassets in Resources */,
				95A5AC1C2481F86700860CC1 /* Main.storyboard in Resources */,
			);
			runOnlyForDeploymentPostprocessing = 0;
		};
/* End PBXResourcesBuildPhase section */

/* Begin PBXShellScriptBuildPhase section */
		2B9AD4FD3372320F1D9BCD85 /* [CP] Check Pods Manifest.lock */ = {
			isa = PBXShellScriptBuildPhase;
			buildActionMask = 2147483647;
			files = (
			);
			inputFileListPaths = (
			);
			inputPaths = (
				"${PODS_PODFILE_DIR_PATH}/Podfile.lock",
				"${PODS_ROOT}/Manifest.lock",
			);
			name = "[CP] Check Pods Manifest.lock";
			outputFileListPaths = (
			);
			outputPaths = (
				"$(DERIVED_FILE_DIR)/Pods-PooRecorder-checkManifestLockResult.txt",
			);
			runOnlyForDeploymentPostprocessing = 0;
			shellPath = /bin/sh;
			shellScript = "diff \"${PODS_PODFILE_DIR_PATH}/Podfile.lock\" \"${PODS_ROOT}/Manifest.lock\" > /dev/null\nif [ $? != 0 ] ; then\n    # print error to STDERR\n    echo \"error: The sandbox is not in sync with the Podfile.lock. Run 'pod install' or update your CocoaPods installation.\" >&2\n    exit 1\nfi\n# This output is used by Xcode 'outputs' to avoid re-running this script phase.\necho \"SUCCESS\" > \"${SCRIPT_OUTPUT_FILE_0}\"\n";
			showEnvVarsInLog = 0;
		};
		CCB3FF6512F427DA95BFD5EC /* [CP] Embed Pods Frameworks */ = {
			isa = PBXShellScriptBuildPhase;
			buildActionMask = 2147483647;
			files = (
			);
			inputFileListPaths = (
				"${PODS_ROOT}/Target Support Files/Pods-PooRecorder/Pods-PooRecorder-frameworks-${CONFIGURATION}-input-files.xcfilelist",
			);
			name = "[CP] Embed Pods Frameworks";
			outputFileListPaths = (
				"${PODS_ROOT}/Target Support Files/Pods-PooRecorder/Pods-PooRecorder-frameworks-${CONFIGURATION}-output-files.xcfilelist",
			);
			runOnlyForDeploymentPostprocessing = 0;
			shellPath = /bin/sh;
			shellScript = "\"${PODS_ROOT}/Target Support Files/Pods-PooRecorder/Pods-PooRecorder-frameworks.sh\"\n";
			showEnvVarsInLog = 0;
		};
/* End PBXShellScriptBuildPhase section */

/* Begin PBXSourcesBuildPhase section */
		95A5AC0D2481F86700860CC1 /* Sources */ = {
			isa = PBXSourcesBuildPhase;
			buildActionMask = 2147483647;
			files = (
				95A5AC292481FC0400860CC1 /* LoginViewController.swift in Sources */,
				95A5AC192481F86700860CC1 /* ViewController.swift in Sources */,
				95A5AC152481F86700860CC1 /* AppDelegate.swift in Sources */,
				95A5AC172481F86700860CC1 /* SceneDelegate.swift in Sources */,
				95974AA7248235DD00D520B0 /* Constants.swift in Sources */,
				95A5AC2B2481FC1500860CC1 /* SignUpViewController.swift in Sources */,
				958BE12A248323DE0036D83C /* CalendarViewController.swift in Sources */,
				95974AA8248235DD00D520B0 /* Utilities.swift in Sources */,
				95A5AC2D2481FC2000860CC1 /* HomeViewController.swift in Sources */,
			);
			runOnlyForDeploymentPostprocessing = 0;
		};
/* End PBXSourcesBuildPhase section */

/* Begin PBXVariantGroup section */
		95A5AC1A2481F86700860CC1 /* Main.storyboard */ = {
			isa = PBXVariantGroup;
			children = (
				95A5AC1B2481F86700860CC1 /* Base */,
			);
			name = Main.storyboard;
			sourceTree = "<group>";
		};
		95A5AC1F2481F86B00860CC1 /* LaunchScreen.storyboard */ = {
			isa = PBXVariantGroup;
			children = (
				95A5AC202481F86B00860CC1 /* Base */,
			);
			name = LaunchScreen.storyboard;
			sourceTree = "<group>";
		};
/* End PBXVariantGroup section */

/* Begin XCBuildConfiguration section */
		95A5AC232481F86B00860CC1 /* Debug */ = {
			isa = XCBuildConfiguration;
			buildSettings = {
				ALWAYS_SEARCH_USER_PATHS = NO;
				CLANG_ANALYZER_NONNULL = YES;
				CLANG_ANALYZER_NUMBER_OBJECT_CONVERSION = YES_AGGRESSIVE;
				CLANG_CXX_LANGUAGE_STANDARD = "gnu++14";
				CLANG_CXX_LIBRARY = "libc++";
				CLANG_ENABLE_MODULES = YES;
				CLANG_ENABLE_OBJC_ARC = YES;
				CLANG_ENABLE_OBJC_WEAK = YES;
				CLANG_WARN_BLOCK_CAPTURE_AUTORELEASING = YES;
				CLANG_WARN_BOOL_CONVERSION = YES;
				CLANG_WARN_COMMA = YES;
				CLANG_WARN_CONSTANT_CONVERSION = YES;
				CLANG_WARN_DEPRECATED_OBJC_IMPLEMENTATIONS = YES;
				CLANG_WARN_DIRECT_OBJC_ISA_USAGE = YES_ERROR;
				CLANG_WARN_DOCUMENTATION_COMMENTS = YES;
				CLANG_WARN_EMPTY_BODY = YES;
				CLANG_WARN_ENUM_CONVERSION = YES;
				CLANG_WARN_INFINITE_RECURSION = YES;
				CLANG_WARN_INT_CONVERSION = YES;
				CLANG_WARN_NON_LITERAL_NULL_CONVERSION = YES;
				CLANG_WARN_OBJC_IMPLICIT_RETAIN_SELF = YES;
				CLANG_WARN_OBJC_LITERAL_CONVERSION = YES;
				CLANG_WARN_OBJC_ROOT_CLASS = YES_ERROR;
				CLANG_WARN_RANGE_LOOP_ANALYSIS = YES;
				CLANG_WARN_STRICT_PROTOTYPES = YES;
				CLANG_WARN_SUSPICIOUS_MOVE = YES;
				CLANG_WARN_UNGUARDED_AVAILABILITY = YES_AGGRESSIVE;
				CLANG_WARN_UNREACHABLE_CODE = YES;
				CLANG_WARN__DUPLICATE_METHOD_MATCH = YES;
				COPY_PHASE_STRIP = NO;
				DEBUG_INFORMATION_FORMAT = dwarf;
				ENABLE_STRICT_OBJC_MSGSEND = YES;
				ENABLE_TESTABILITY = YES;
				GCC_C_LANGUAGE_STANDARD = gnu11;
				GCC_DYNAMIC_NO_PIC = NO;
				GCC_NO_COMMON_BLOCKS = YES;
				GCC_OPTIMIZATION_LEVEL = 0;
				GCC_PREPROCESSOR_DEFINITIONS = (
					"DEBUG=1",
					"$(inherited)",
				);
				GCC_WARN_64_TO_32_BIT_CONVERSION = YES;
				GCC_WARN_ABOUT_RETURN_TYPE = YES_ERROR;
				GCC_WARN_UNDECLARED_SELECTOR = YES;
				GCC_WARN_UNINITIALIZED_AUTOS = YES_AGGRESSIVE;
				GCC_WARN_UNUSED_FUNCTION = YES;
				GCC_WARN_UNUSED_VARIABLE = YES;
				IPHONEOS_DEPLOYMENT_TARGET = 13.4;
				MTL_ENABLE_DEBUG_INFO = INCLUDE_SOURCE;
				MTL_FAST_MATH = YES;
				ONLY_ACTIVE_ARCH = YES;
				SDKROOT = iphoneos;
				SWIFT_ACTIVE_COMPILATION_CONDITIONS = DEBUG;
				SWIFT_OPTIMIZATION_LEVEL = "-Onone";
			};
			name = Debug;
		};
		95A5AC242481F86B00860CC1 /* Release */ = {
			isa = XCBuildConfiguration;
			buildSettings = {
				ALWAYS_SEARCH_USER_PATHS = NO;
				CLANG_ANALYZER_NONNULL = YES;
				CLANG_ANALYZER_NUMBER_OBJECT_CONVERSION = YES_AGGRESSIVE;
				CLANG_CXX_LANGUAGE_STANDARD = "gnu++14";
				CLANG_CXX_LIBRARY = "libc++";
				CLANG_ENABLE_MODULES = YES;
				CLANG_ENABLE_OBJC_ARC = YES;
				CLANG_ENABLE_OBJC_WEAK = YES;
				CLANG_WARN_BLOCK_CAPTURE_AUTORELEASING = YES;
				CLANG_WARN_BOOL_CONVERSION = YES;
				CLANG_WARN_COMMA = YES;
				CLANG_WARN_CONSTANT_CONVERSION = YES;
				CLANG_WARN_DEPRECATED_OBJC_IMPLEMENTATIONS = YES;
				CLANG_WARN_DIRECT_OBJC_ISA_USAGE = YES_ERROR;
				CLANG_WARN_DOCUMENTATION_COMMENTS = YES;
				CLANG_WARN_EMPTY_BODY = YES;
				CLANG_WARN_ENUM_CONVERSION = YES;
				CLANG_WARN_INFINITE_RECURSION = YES;
				CLANG_WARN_INT_CONVERSION = YES;
				CLANG_WARN_NON_LITERAL_NULL_CONVERSION = YES;
				CLANG_WARN_OBJC_IMPLICIT_RETAIN_SELF = YES;
				CLANG_WARN_OBJC_LITERAL_CONVERSION = YES;
				CLANG_WARN_OBJC_ROOT_CLASS = YES_ERROR;
				CLANG_WARN_RANGE_LOOP_ANALYSIS = YES;
				CLANG_WARN_STRICT_PROTOTYPES = YES;
				CLANG_WARN_SUSPICIOUS_MOVE = YES;
				CLANG_WARN_UNGUARDED_AVAILABILITY = YES_AGGRESSIVE;
				CLANG_WARN_UNREACHABLE_CODE = YES;
				CLANG_WARN__DUPLICATE_METHOD_MATCH = YES;
				COPY_PHASE_STRIP = NO;
				DEBUG_INFORMATION_FORMAT = "dwarf-with-dsym";
				ENABLE_NS_ASSERTIONS = NO;
				ENABLE_STRICT_OBJC_MSGSEND = YES;
				GCC_C_LANGUAGE_STANDARD = gnu11;
				GCC_NO_COMMON_BLOCKS = YES;
				GCC_WARN_64_TO_32_BIT_CONVERSION = YES;
				GCC_WARN_ABOUT_RETURN_TYPE = YES_ERROR;
				GCC_WARN_UNDECLARED_SELECTOR = YES;
				GCC_WARN_UNINITIALIZED_AUTOS = YES_AGGRESSIVE;
				GCC_WARN_UNUSED_FUNCTION = YES;
				GCC_WARN_UNUSED_VARIABLE = YES;
				IPHONEOS_DEPLOYMENT_TARGET = 13.4;
				MTL_ENABLE_DEBUG_INFO = NO;
				MTL_FAST_MATH = YES;
				SDKROOT = iphoneos;
				SWIFT_COMPILATION_MODE = wholemodule;
				SWIFT_OPTIMIZATION_LEVEL = "-O";
				VALIDATE_PRODUCT = YES;
			};
			name = Release;
		};
		95A5AC262481F86B00860CC1 /* Debug */ = {
			isa = XCBuildConfiguration;
			baseConfigurationReference = A7D672298863CA82A2888192 /* Pods-PooRecorder.debug.xcconfig */;
			buildSettings = {
				ASSETCATALOG_COMPILER_APPICON_NAME = AppIcon;
				CODE_SIGN_STYLE = Automatic;
				DEVELOPMENT_TEAM = 7RFPAQ2NAA;
				INFOPLIST_FILE = PooRecorder/Info.plist;
				LD_RUNPATH_SEARCH_PATHS = (
					"$(inherited)",
					"@executable_path/Frameworks",
				);
				PRODUCT_BUNDLE_IDENTIFIER = com.shino.PooRecorder;
				PRODUCT_NAME = "$(TARGET_NAME)";
				SWIFT_VERSION = 5.0;
				TARGETED_DEVICE_FAMILY = "1,2";
			};
			name = Debug;
		};
		95A5AC272481F86B00860CC1 /* Release */ = {
			isa = XCBuildConfiguration;
			baseConfigurationReference = 16A6421AB2425BD70C6D35D7 /* Pods-PooRecorder.release.xcconfig */;
			buildSettings = {
				ASSETCATALOG_COMPILER_APPICON_NAME = AppIcon;
				CODE_SIGN_STYLE = Automatic;
				DEVELOPMENT_TEAM = 7RFPAQ2NAA;
				INFOPLIST_FILE = PooRecorder/Info.plist;
				LD_RUNPATH_SEARCH_PATHS = (
					"$(inherited)",
					"@executable_path/Frameworks",
				);
				PRODUCT_BUNDLE_IDENTIFIER = com.shino.PooRecorder;
				PRODUCT_NAME = "$(TARGET_NAME)";
				SWIFT_VERSION = 5.0;
				TARGETED_DEVICE_FAMILY = "1,2";
			};
			name = Release;
		};
/* End XCBuildConfiguration section */

/* Begin XCConfigurationList section */
		95A5AC0C2481F86700860CC1 /* Build configuration list for PBXProject "PooRecorder" */ = {
			isa = XCConfigurationList;
			buildConfigurations = (
				95A5AC232481F86B00860CC1 /* Debug */,
				95A5AC242481F86B00860CC1 /* Release */,
			);
			defaultConfigurationIsVisible = 0;
			defaultConfigurationName = Release;
		};
		95A5AC252481F86B00860CC1 /* Build configuration list for PBXNativeTarget "PooRecorder" */ = {
			isa = XCConfigurationList;
			buildConfigurations = (
				95A5AC262481F86B00860CC1 /* Debug */,
				95A5AC272481F86B00860CC1 /* Release */,
			);
			defaultConfigurationIsVisible = 0;
			defaultConfigurationName = Release;
		};
/* End XCConfigurationList section */
	};
	rootObject = 95A5AC092481F86700860CC1 /* Project object */;
}
